%{"cowboy": {:hex, :cowboy, "1.0.0"},
  "cowlib": {:hex, :cowlib, "1.0.1"},
  "erlydtl": {:git, "git://github.com/erlydtl/erlydtl.git", "dce7c95ff3c0b2d8a27c5c44618856edcb579b2a", [branch: "stable"]},
  "eunit_formatters": {:git, "git://github.com/seancribbs/eunit_formatters", "7f79fa3fb953b94990bd9b41e92cef7cfecf91ef", [ref: "7f79fa3fb953b94990bd9b41e92cef7cfecf91ef"]},
  "inflex": {:hex, :inflex, "0.2.4"},
  "jazz": {:hex, :jazz, "0.2.0"},
  "linguist": {:hex, :linguist, "0.1.5"},
  "merl": {:git, "git://github.com/erlydtl/merl.git", "28e5b3829168199e8475fa91b997e0c03b90d280", [ref: "28e5b3829168199e8475fa91b997e0c03b90d280"]},
  "phoenix": {:git, "git://github.com/phoenixframework/phoenix.git", "d388a1add3a8a0ded946e951c3931a182418cc84", []},
  "plug": {:hex, :plug, "0.5.3"},
  "ranch": {:hex, :ranch, "1.0.0"}}
